
Microsoft Visual Studio Solution File, Format Version 12.00
# Visual Studio Version 16
VisualStudioVersion = 16.0.31624.102
MinimumVisualStudioVersion = 10.0.40219.1
Project("{FAE04EC0-301F-11D3-BF4B-00C04F79EFBC}") = "FlashCard", "FlashCard\FlashCard.csproj", "{B6BB7991-1F9F-4CCE-A74E-999F197602DF}"
EndProject
Global
	GlobalSection(SolutionConfigurationPlatforms) = preSolution
		Debug|Any CPU = Debug|Any CPU
		Release|Any CPU = Release|Any CPU
	EndGlobalSection
	GlobalSection(ProjectConfigurationPlatforms) = postSolution
		{B6BB7991-1F9F-4CCE-A74E-999F197602DF}.Debug|Any CPU.ActiveCfg = Debug|Any CPU
		{B6BB7991-1F9F-4CCE-A74E-999F197602DF}.Debug|Any CPU.Build.0 = Debug|Any CPU
		{B6BB7991-1F9F-4CCE-A74E-999F197602DF}.Release|Any CPU.ActiveCfg = Release|Any CPU
		{B6BB7991-1F9F-4CCE-A74E-999F197602DF}.Release|Any CPU.Build.0 = Release|Any CPU
	EndGlobalSection
	GlobalSection(SolutionProperties) = preSolution
		HideSolutionNode = FALSE
	EndGlobalSection
	GlobalSection(ExtensibilityGlobals) = postSolution
		SolutionGuid = {739CCAC5-DD6D-45D9-9B12-2E860228AF59}
	EndGlobalSection
EndGlobal
